<?xml version="1.0" encoding="utf-8"?>
<Project ToolsVersion="4.0" xmlns="http://schemas.microsoft.com/developer/msbuild/2003">
  <ItemGroup>
    <Filter Include="Source Files">
      <UniqueIdentifier>{4FC737F1-C7A5-4376-A066-2A32D752A2FF}</UniqueIdentifier>
      <Extensions>cpp;c;cc;cxx;c++;cppm;ixx;def;odl;idl;hpj;bat;asm;asmx</Extensions>
    </Filter>
    <Filter Include="Header Files">
      <UniqueIdentifier>{93995380-89BD-4b04-88EB-625FBE52EBFB}</UniqueIdentifier>
      <Extensions>h;hh;hpp;hxx;h++;hm;inl;inc;ipp;xsd</Extensions>
    </Filter>
    <Filter Include="Resource Files">
      <UniqueIdentifier>{67DA6AB6-F800-4c08-8B7A-83BB121AAD01}</UniqueIdentifier>
      <Extensions>rc;ico;cur;bmp;dlg;rc2;rct;bin;rgs;gif;jpg;jpeg;jpe;resx;tiff;tif;png;wav;mfcribbon-ms</Extensions>
    </Filter>
  </ItemGroup>
  <ItemGroup>
    <ClCompile Include="Source code\main.c">
      <Filter>Source Files</Filter>
    </ClCompile>
    <ClCompile Include="Source code\SLL.c">
      <Filter>Source Files</Filter>
    </ClCompile>
    <ClCompile Include="Source code\Stack.c">
      <Filter>Source Files</Filter>
    </ClCompile>
    <ClCompile Include="Source code\displayError.c">
      <Filter>Source Files</Filter>
    </ClCompile>
    <ClCompile Include="Source code\loadLine.c">
      <Filter>Source Files</Filter>
    </ClCompile>
    <ClCompile Include="Source code\loadPatients.c">
      <Filter>Source Files</Filter>
    </ClCompile>
    <ClCompile Include="Source code\printMenu.c">
      <Filter>Source Files</Filter>
    </ClCompile>
    <ClCompile Include="Source code\loadDoctors.c">
      <Filter>Source Files</Filter>
    </ClCompile>
    <ClCompile Include="Source code\updateFiles.c">
      <Filter>Source Files</Filter>
    </ClCompile>
    <ClCompile Include="Source code\pTree.c">
      <Filter>Source Files</Filter>
    </ClCompile>
    <ClCompile Include="Source code\pLine.c">
      <Filter>Source Files</Filter>
    </ClCompile>
    <ClCompile Include="Source code\assignDoctor2case.c">
      <Filter>Source Files</Filter>
    </ClCompile>
    <ClCompile Include="Source code\goToFunction.c">
      <Filter>Source Files</Filter>
    </ClCompile>
    <ClCompile Include="Source code\sortDocList.c">
      <Filter>Source Files</Filter>
    </ClCompile>
    <ClCompile Include="Source code\admitPatient.c">
      <Filter>Source Files</Filter>
    </ClCompile>
    <ClCompile Include="Source code\DischargePatient.c">
      <Filter>Source Files</Filter>
    </ClCompile>
    <ClCompile Include="deletePatient.c">
      <Filter>Source Files</Filter>
    </ClCompile>
    <ClCompile Include="removeVisit.c">
      <Filter>Source Files</Filter>
    </ClCompile>
  </ItemGroup>
  <ItemGroup>
    <ClInclude Include="Source code\Structure.h">
      <Filter>Header Files</Filter>
    </ClInclude>
    <ClInclude Include="Source code\Stack.h">
      <Filter>Header Files</Filter>
    </ClInclude>
    <ClInclude Include="Source code\SLL.h">
      <Filter>Header Files</Filter>
    </ClInclude>
    <ClInclude Include="Source code\displayError.h">
      <Filter>Header Files</Filter>
    </ClInclude>
    <ClInclude Include="Source code\loadLine.h">
      <Filter>Header Files</Filter>
    </ClInclude>
    <ClInclude Include="Source code\loadPatients.h">
      <Filter>Header Files</Filter>
    </ClInclude>
    <ClInclude Include="Source code\printMenu.h">
      <Filter>Header Files</Filter>
    </ClInclude>
    <ClInclude Include="Source code\loadDoctors.h">
      <Filter>Header Files</Filter>
    </ClInclude>
    <ClInclude Include="Source code\updateFiles.h">
      <Filter>Header Files</Filter>
    </ClInclude>
    <ClInclude Include="Source code\pTree.h">
      <Filter>Header Files</Filter>
    </ClInclude>
    <ClInclude Include="Source code\pLine.h">
      <Filter>Header Files</Filter>
    </ClInclude>
    <ClInclude Include="Source code\assignDoctor2case.h">
      <Filter>Header Files</Filter>
    </ClInclude>
    <ClInclude Include="Source code\goToFunction.h">
      <Filter>Header Files</Filter>
    </ClInclude>
    <ClInclude Include="Source code\sortDocList.h">
      <Filter>Header Files</Filter>
    </ClInclude>
    <ClInclude Include="Source code\admitPatient.h">
      <Filter>Header Files</Filter>
    </ClInclude>
    <ClInclude Include="Source code\DischargePatient.h">
      <Filter>Header Files</Filter>
    </ClInclude>
    <ClInclude Include="removeVisit.h">
      <Filter>Header Files</Filter>
    </ClInclude>
    <ClInclude Include="Source code\deletePatient.h">
      <Filter>Header Files</Filter>
    </ClInclude>
  </ItemGroup>
  <ItemGroup>
    <Text Include="Resource Files\Doctors.txt">
      <Filter>Resource Files</Filter>
    </Text>
    <Text Include="Resource Files\Line.txt">
      <Filter>Resource Files</Filter>
    </Text>
    <Text Include="Resource Files\Patients.txt">
      <Filter>Resource Files</Filter>
    </Text>
  </ItemGroup>
  <ItemGroup>
    <None Include="Resource Files\Final Project in Advanced C Course - Spring_2024.pdf">
      <Filter>Resource Files</Filter>
    </None>
    <None Include="Resource Files\Structure Scheme">
      <Filter>Resource Files</Filter>
    </None>
  </ItemGroup>
  <ItemGroup>
    <Image Include="Resource Files\Scheme.png">
      <Filter>Resource Files</Filter>
    </Image>
  </ItemGroup>
</Project>